{
    "_readme": [
        "This file locks the dependencies of your project to a known state",
        "Read more about it at https://getcomposer.org/doc/01-basic-usage.md#composer-lock-the-lock-file",
        "This file is @generated automatically"
    ],
    "content-hash": "71422eec6c3bdb45163a7265c4b96c7d",
    "packages": [
        {
            "name": "lizhibin/douniu-game",
            "version": "dev-master",
            "source": {
                "type": "git",
                "url": "https://github.com/lizhibin205/douniu-game.git",
                "reference": "7d1c854370f2fad2cf740be3797666ff201c92fb"
            },
            "dist": {
                "type": "zip",
                "url": "https://files.phpcomposer.com/files/lizhibin205/douniu-game/7d1c854370f2fad2cf740be3797666ff201c92fb.zip",
                "reference": "7d1c854370f2fad2cf740be3797666ff201c92fb",
                "shasum": ""
            },
            "require": {
                "php": ">=5.5.9"
            },
            "type": "library",
            "autoload": {
                "psr-4": {
                    "BGame\\Douniu\\": "douniu/",
                    "BGame\\Base\\": "base/",
                    "BGame\\ZhaJinHua\\": "zhajinhua/"
                }
            },
            "notification-url": "https://packagist.org/downloads/",
            "authors": [
                {
                    "name": "lizhibin"
                }
            ],
            "description": "douniu-game",
            "time": "2017-10-28 06:40:11"
        }
    ],
    "packages-dev": [],
    "aliases": [],
    "minimum-stability": "stable",
    "stability-flags": {
        "lizhibin/douniu-game": 20
    },
    "prefer-stable": false,
    "prefer-lowest": false,
    "platform": {
        "php": ">=5.5.9"
    },
    "platform-dev": []
}
